<?xml version="1.0" encoding="utf-8"?>
<Project ToolsVersion="4.0" xmlns="http://schemas.microsoft.com/developer/msbuild/2003">
  <ItemGroup>
    <ClCompile Include="Background.cpp" />
    <ClCompile Include="BasicEnemy.cpp" />
    <ClCompile Include="CircleEnemy.cpp" />
    <ClCompile Include="controller.cpp" />
    <ClCompile Include="Enemy.cpp" />
    <ClCompile Include="EnemyManager.cpp" />
    <ClCompile Include="Font.cpp" />
    <ClCompile Include="Foreground.cpp" />
    <ClCompile Include="Game.cpp" />
    <ClCompile Include="GameObject.cpp" />
    <ClCompile Include="Light.cpp" />
    <ClCompile Include="Material.cpp" />
    <ClCompile Include="Mesh.cpp" />
    <ClCompile Include="OrbitEnemy.cpp" />
    <ClCompile Include="Player.cpp" />
    <ClCompile Include="Projectile.cpp" />
    <ClCompile Include="ShaderProgram.cpp" />
    <ClCompile Include="SoundEffect.cpp" />
    <ClCompile Include="SoundEngine.cpp" />
    <ClCompile Include="Source.cpp" />
    <ClCompile Include="Texture.cpp" />
    <ClCompile Include="Timer.cpp" />
    <ClCompile Include="Collider.cpp" />
  </ItemGroup>
  <ItemGroup>
    <ClInclude Include="Background.h" />
    <ClInclude Include="BasicEnemy.h" />
    <ClInclude Include="CircleEnemy.h" />
    <ClInclude Include="controller.h" />
    <ClInclude Include="Enemy.h" />
    <ClInclude Include="EnemyManager.h" />
    <ClInclude Include="Font.h" />
    <ClInclude Include="Foreground.h" />
    <ClInclude Include="Game.h" />
    <ClInclude Include="GameObject.h" />
    <ClInclude Include="Light.h" />
    <ClInclude Include="Material.h" />
    <ClInclude Include="Mesh.h" />
    <ClInclude Include="OrbitEnemy.h" />
    <ClInclude Include="Player.h" />
    <ClInclude Include="Projectile.h" />
    <ClInclude Include="ShaderProgram.h" />
    <ClInclude Include="SoundEffect.h" />
    <ClInclude Include="SoundEngine.h" />
    <ClInclude Include="Texture.h" />
    <ClInclude Include="Timer.h" />
    <ClInclude Include="Collider.h" />
  </ItemGroup>
  <ItemGroup>
    <None Include="shaders\phong.frag" />
    <None Include="shaders\phong.vert" />
    <None Include="shaders\text.frag" />
    <None Include="shaders\text.vert" />
  </ItemGroup>
</Project>